
Microsoft Visual Studio Solution File, Format Version 12.00
# Visual Studio Version 16
VisualStudioVersion = 16.0.32002.261
MinimumVisualStudioVersion = 10.0.40219.1
Project("{FAE04EC0-301F-11D3-BF4B-00C04F79EFBC}") = "001_HelloWorld", "001_HelloWorld\001_HelloWorld.csproj", "{A1AE8241-2E5D-4F9E-8858-010434868AD4}"
EndProject
Project("{FAE04EC0-301F-11D3-BF4B-00C04F79EFBC}") = "002_HelloWorld2", "002_HelloWorld2\002_HelloWorld2.csproj", "{2AB1014C-7245-4C63-A6E9-0235948AA1BC}"
EndProject
Project("{FAE04EC0-301F-11D3-BF4B-00C04F79EFBC}") = "003_HelloWorld3", "003_HelloWorld3\003_HelloWorld3.csproj", "{F6BEE0E4-7EAF-4DA5-8B3D-860D5987938F}"
EndProject
Project("{FAE04EC0-301F-11D3-BF4B-00C04F79EFBC}") = "004_Check", "004_Check\004_Check.csproj", "{69373797-6D0F-4C0D-8B11-3ADA510C18DB}"
EndProject
Project("{FAE04EC0-301F-11D3-BF4B-00C04F79EFBC}") = "005_Check", "005_Check\005_Check.csproj", "{81EF4D5B-406E-4086-847D-919B8ECAB648}"
EndProject
Project("{FAE04EC0-301F-11D3-BF4B-00C04F79EFBC}") = "006_Variable", "006_Variable\006_Variable.csproj", "{C6C40ACF-3CB3-46EA-BEE4-46AE13E6B562}"
EndProject
Project("{FAE04EC0-301F-11D3-BF4B-00C04F79EFBC}") = "007_Variable2", "007_Variable2\007_Variable2.csproj", "{5A1309A2-C541-41A1-A336-C0BB4AD52BC1}"
EndProject
Project("{FAE04EC0-301F-11D3-BF4B-00C04F79EFBC}") = "008_Data1", "008_Data1\008_Data1.csproj", "{9C657F31-626F-4A54-9725-E08EFEA4B034}"
EndProject
Project("{FAE04EC0-301F-11D3-BF4B-00C04F79EFBC}") = "009_Data2", "009_Data2\009_Data2.csproj", "{07CF9781-C49A-4BFF-B9F2-87DFD096AD1C}"
EndProject
Project("{FAE04EC0-301F-11D3-BF4B-00C04F79EFBC}") = "010_Data3", "010_Data3\010_Data3.csproj", "{40DF5D43-314F-4034-BD32-77CAC2279451}"
EndProject
Project("{FAE04EC0-301F-11D3-BF4B-00C04F79EFBC}") = "011_Data4", "011_Data4\011_Data4.csproj", "{8A111ACD-67F6-4CDC-AC26-48A63EE206B5}"
EndProject
Project("{FAE04EC0-301F-11D3-BF4B-00C04F79EFBC}") = "012_Data5", "012_Data5\012_Data5.csproj", "{9C717E3A-A759-457A-9776-CA108169C721}"
EndProject
Project("{FAE04EC0-301F-11D3-BF4B-00C04F79EFBC}") = "013_Data6", "013_Data6\013_Data6.csproj", "{9B8E4FA7-52FE-4EF0-AF33-1E7D48DFF04E}"
EndProject
Project("{FAE04EC0-301F-11D3-BF4B-00C04F79EFBC}") = "014_Data7", "014_Data7\014_Data7.csproj", "{EA7AD7CF-2EED-426E-A35E-4C1F2DC819A2}"
EndProject
Project("{FAE04EC0-301F-11D3-BF4B-00C04F79EFBC}") = "015_Data8", "015_Data8\015_Data8.csproj", "{22E089CD-B158-4CDB-AEC2-798E7950C6D5}"
EndProject
Project("{FAE04EC0-301F-11D3-BF4B-00C04F79EFBC}") = "016_String", "016_String\016_String.csproj", "{C2F931F8-4CA1-45E9-82B6-059CEB7193A8}"
EndProject
Project("{FAE04EC0-301F-11D3-BF4B-00C04F79EFBC}") = "018_Data_object", "018_Data_object\018_Data_object.csproj", "{8BD147BB-587B-49B0-8E0A-778F2B668EDE}"
EndProject
Project("{FAE04EC0-301F-11D3-BF4B-00C04F79EFBC}") = "019_Data_enum", "019_Data_enum\019_Data_enum.csproj", "{4F4F9581-F685-4CF4-A91B-080EA74A08EF}"
EndProject
Project("{FAE04EC0-301F-11D3-BF4B-00C04F79EFBC}") = "020_Data_enum2", "020_Data_enum2\020_Data_enum2.csproj", "{7C13445A-690A-4E89-A710-5DCEFB7E87B0}"
EndProject
Project("{FAE04EC0-301F-11D3-BF4B-00C04F79EFBC}") = "021_Data_nullable", "021_Data_nullable\021_Data_nullable.csproj", "{ACCE2923-1A00-4E30-AD2B-B66429ABFFE7}"
EndProject
Project("{FAE04EC0-301F-11D3-BF4B-00C04F79EFBC}") = "022_Data_var", "022_Data_var\022_Data_var.csproj", "{906AB6A8-B8B6-4785-AC36-2ADC109E252F}"
EndProject
Project("{FAE04EC0-301F-11D3-BF4B-00C04F79EFBC}") = "023_Data_const", "023_Data_const\023_Data_const.csproj", "{F193556C-2093-481D-9E6D-B6FEA2F9CA22}"
EndProject
Project("{FAE04EC0-301F-11D3-BF4B-00C04F79EFBC}") = "024_Data_cast", "024_Data_cast\024_Data_cast.csproj", "{908A923E-1744-42E4-A653-275FA1FB8EBD}"
EndProject
Project("{FAE04EC0-301F-11D3-BF4B-00C04F79EFBC}") = "025_Data_ToString", "025_Data_ToString\025_Data_ToString.csproj", "{DA4156B9-885F-47C2-858C-AF89AF3A1039}"
EndProject
Project("{FAE04EC0-301F-11D3-BF4B-00C04F79EFBC}") = "026_Data_Parse", "026_Data_Parse\026_Data_Parse.csproj", "{3BF4E70A-A3BE-4963-A067-97ADE624051E}"
EndProject
Project("{FAE04EC0-301F-11D3-BF4B-00C04F79EFBC}") = "027_Data_Convert", "027_Data_Convert\027_Data_Convert.csproj", "{AEAA147E-C043-42E9-BBDE-AED0D76B1329}"
EndProject
Project("{FAE04EC0-301F-11D3-BF4B-00C04F79EFBC}") = "028_Data_reference", "028_Data_reference\028_Data_reference.csproj", "{DD5FC8F0-F881-4D35-9E06-50521ADC149B}"
EndProject
Project("{FAE04EC0-301F-11D3-BF4B-00C04F79EFBC}") = "029_Data_boxing", "029_Data_boxing\029_Data_boxing.csproj", "{29AB3294-A351-4846-A33F-33B8C16E1568}"
EndProject
Project("{FAE04EC0-301F-11D3-BF4B-00C04F79EFBC}") = "030_ReadLine", "030_ReadLine\030_ReadLine.csproj", "{32FB2DAB-B342-400A-B2D3-93CC70F42F09}"
EndProject
Project("{FAE04EC0-301F-11D3-BF4B-00C04F79EFBC}") = "031_ReadLine2", "031_ReadLine2\031_ReadLine2.csproj", "{EA425FBB-25BD-498E-BFC5-E4F87652326D}"
EndProject
Project("{FAE04EC0-301F-11D3-BF4B-00C04F79EFBC}") = "032_Check", "032_Check\032_Check.csproj", "{205C9317-32A0-4417-9D88-4AC6934D2592}"
EndProject
Project("{FAE04EC0-301F-11D3-BF4B-00C04F79EFBC}") = "033_Check", "033_Check\033_Check.csproj", "{37D927CA-3E1B-4439-B07C-101DF6FB14F4}"
EndProject
Project("{FAE04EC0-301F-11D3-BF4B-00C04F79EFBC}") = "034_Operator1", "034_Operator1\034_Operator1.csproj", "{4239C9DE-7B7A-41C2-88D6-70DE9940DB71}"
EndProject
Project("{FAE04EC0-301F-11D3-BF4B-00C04F79EFBC}") = "035_Operator2", "035_Operator2\035_Operator2.csproj", "{70130197-0261-481E-94E0-B1639F55492D}"
EndProject
Project("{FAE04EC0-301F-11D3-BF4B-00C04F79EFBC}") = "036_Operator3", "036_Operator3\036_Operator3.csproj", "{71260770-7A17-4380-999A-BD1C5CE75AC8}"
EndProject
Project("{FAE04EC0-301F-11D3-BF4B-00C04F79EFBC}") = "036_01_Operator3", "036_01_Operator3\036_01_Operator3.csproj", "{3DE1745B-438D-44A8-9E21-6698C23D69DB}"
EndProject
Project("{FAE04EC0-301F-11D3-BF4B-00C04F79EFBC}") = "037_Operator4", "037_Operator4\037_Operator4.csproj", "{6FF3F0CB-5D5F-46CB-BAF4-498F04FBDD70}"
EndProject
Project("{FAE04EC0-301F-11D3-BF4B-00C04F79EFBC}") = "038_Operator5", "038_Operator5\038_Operator5.csproj", "{33628B07-1360-4780-8A68-87695421FE15}"
EndProject
Project("{FAE04EC0-301F-11D3-BF4B-00C04F79EFBC}") = "039_Operator6", "039_Operator6\039_Operator6.csproj", "{8604DAF8-5307-4B35-B43C-9B0FEA85243A}"
EndProject
Project("{FAE04EC0-301F-11D3-BF4B-00C04F79EFBC}") = "040_Operator_Bit", "040_Operator_Bit\040_Operator_Bit.csproj", "{3595DFCE-660C-4FB5-91FC-8823350D3E2B}"
EndProject
Project("{FAE04EC0-301F-11D3-BF4B-00C04F79EFBC}") = "041_Operator_null", "041_Operator_null\041_Operator_null.csproj", "{332DD344-1A50-428E-9C1B-72923CEF9D50}"
EndProject
Project("{FAE04EC0-301F-11D3-BF4B-00C04F79EFBC}") = "042_Operator_Branch", "042_Operator_Branch\042_Operator_Branch.csproj", "{A3ABD7AE-E094-4725-A782-8C37F6321276}"
EndProject
Project("{FAE04EC0-301F-11D3-BF4B-00C04F79EFBC}") = "043_Operator_Branch2", "043_Operator_Branch2\043_Operator_Branch2.csproj", "{3533B024-C212-405D-8EDD-9A87E84EC00B}"
EndProject
Project("{FAE04EC0-301F-11D3-BF4B-00C04F79EFBC}") = "044_Operator_Branch3", "044_Operator_Branch3\044_Operator_Branch3.csproj", "{5C1CA96E-A4CE-4DCE-85AE-BA5753903455}"
EndProject
Global
	GlobalSection(SolutionConfigurationPlatforms) = preSolution
		Debug|Any CPU = Debug|Any CPU
		Release|Any CPU = Release|Any CPU
	EndGlobalSection
	GlobalSection(ProjectConfigurationPlatforms) = postSolution
		{A1AE8241-2E5D-4F9E-8858-010434868AD4}.Debug|Any CPU.ActiveCfg = Debug|Any CPU
		{A1AE8241-2E5D-4F9E-8858-010434868AD4}.Debug|Any CPU.Build.0 = Debug|Any CPU
		{A1AE8241-2E5D-4F9E-8858-010434868AD4}.Release|Any CPU.ActiveCfg = Release|Any CPU
		{A1AE8241-2E5D-4F9E-8858-010434868AD4}.Release|Any CPU.Build.0 = Release|Any CPU
		{2AB1014C-7245-4C63-A6E9-0235948AA1BC}.Debug|Any CPU.ActiveCfg = Debug|Any CPU
		{2AB1014C-7245-4C63-A6E9-0235948AA1BC}.Debug|Any CPU.Build.0 = Debug|Any CPU
		{2AB1014C-7245-4C63-A6E9-0235948AA1BC}.Release|Any CPU.ActiveCfg = Release|Any CPU
		{2AB1014C-7245-4C63-A6E9-0235948AA1BC}.Release|Any CPU.Build.0 = Release|Any CPU
		{F6BEE0E4-7EAF-4DA5-8B3D-860D5987938F}.Debug|Any CPU.ActiveCfg = Debug|Any CPU
		{F6BEE0E4-7EAF-4DA5-8B3D-860D5987938F}.Debug|Any CPU.Build.0 = Debug|Any CPU
		{F6BEE0E4-7EAF-4DA5-8B3D-860D5987938F}.Release|Any CPU.ActiveCfg = Release|Any CPU
		{F6BEE0E4-7EAF-4DA5-8B3D-860D5987938F}.Release|Any CPU.Build.0 = Release|Any CPU
		{69373797-6D0F-4C0D-8B11-3ADA510C18DB}.Debug|Any CPU.ActiveCfg = Debug|Any CPU
		{69373797-6D0F-4C0D-8B11-3ADA510C18DB}.Debug|Any CPU.Build.0 = Debug|Any CPU
		{69373797-6D0F-4C0D-8B11-3ADA510C18DB}.Release|Any CPU.ActiveCfg = Release|Any CPU
		{69373797-6D0F-4C0D-8B11-3ADA510C18DB}.Release|Any CPU.Build.0 = Release|Any CPU
		{81EF4D5B-406E-4086-847D-919B8ECAB648}.Debug|Any CPU.ActiveCfg = Debug|Any CPU
		{81EF4D5B-406E-4086-847D-919B8ECAB648}.Debug|Any CPU.Build.0 = Debug|Any CPU
		{81EF4D5B-406E-4086-847D-919B8ECAB648}.Release|Any CPU.ActiveCfg = Release|Any CPU
		{81EF4D5B-406E-4086-847D-919B8ECAB648}.Release|Any CPU.Build.0 = Release|Any CPU
		{C6C40ACF-3CB3-46EA-BEE4-46AE13E6B562}.Debug|Any CPU.ActiveCfg = Debug|Any CPU
		{C6C40ACF-3CB3-46EA-BEE4-46AE13E6B562}.Debug|Any CPU.Build.0 = Debug|Any CPU
		{C6C40ACF-3CB3-46EA-BEE4-46AE13E6B562}.Release|Any CPU.ActiveCfg = Release|Any CPU
		{C6C40ACF-3CB3-46EA-BEE4-46AE13E6B562}.Release|Any CPU.Build.0 = Release|Any CPU
		{5A1309A2-C541-41A1-A336-C0BB4AD52BC1}.Debug|Any CPU.ActiveCfg = Debug|Any CPU
		{5A1309A2-C541-41A1-A336-C0BB4AD52BC1}.Debug|Any CPU.Build.0 = Debug|Any CPU
		{5A1309A2-C541-41A1-A336-C0BB4AD52BC1}.Release|Any CPU.ActiveCfg = Release|Any CPU
		{5A1309A2-C541-41A1-A336-C0BB4AD52BC1}.Release|Any CPU.Build.0 = Release|Any CPU
		{9C657F31-626F-4A54-9725-E08EFEA4B034}.Debug|Any CPU.ActiveCfg = Debug|Any CPU
		{9C657F31-626F-4A54-9725-E08EFEA4B034}.Debug|Any CPU.Build.0 = Debug|Any CPU
		{9C657F31-626F-4A54-9725-E08EFEA4B034}.Release|Any CPU.ActiveCfg = Release|Any CPU
		{9C657F31-626F-4A54-9725-E08EFEA4B034}.Release|Any CPU.Build.0 = Release|Any CPU
		{07CF9781-C49A-4BFF-B9F2-87DFD096AD1C}.Debug|Any CPU.ActiveCfg = Debug|Any CPU
		{07CF9781-C49A-4BFF-B9F2-87DFD096AD1C}.Debug|Any CPU.Build.0 = Debug|Any CPU
		{07CF9781-C49A-4BFF-B9F2-87DFD096AD1C}.Release|Any CPU.ActiveCfg = Release|Any CPU
		{07CF9781-C49A-4BFF-B9F2-87DFD096AD1C}.Release|Any CPU.Build.0 = Release|Any CPU
		{40DF5D43-314F-4034-BD32-77CAC2279451}.Debug|Any CPU.ActiveCfg = Debug|Any CPU
		{40DF5D43-314F-4034-BD32-77CAC2279451}.Debug|Any CPU.Build.0 = Debug|Any CPU
		{40DF5D43-314F-4034-BD32-77CAC2279451}.Release|Any CPU.ActiveCfg = Release|Any CPU
		{40DF5D43-314F-4034-BD32-77CAC2279451}.Release|Any CPU.Build.0 = Release|Any CPU
		{8A111ACD-67F6-4CDC-AC26-48A63EE206B5}.Debug|Any CPU.ActiveCfg = Debug|Any CPU
		{8A111ACD-67F6-4CDC-AC26-48A63EE206B5}.Debug|Any CPU.Build.0 = Debug|Any CPU
		{8A111ACD-67F6-4CDC-AC26-48A63EE206B5}.Release|Any CPU.ActiveCfg = Release|Any CPU
		{8A111ACD-67F6-4CDC-AC26-48A63EE206B5}.Release|Any CPU.Build.0 = Release|Any CPU
		{9C717E3A-A759-457A-9776-CA108169C721}.Debug|Any CPU.ActiveCfg = Debug|Any CPU
		{9C717E3A-A759-457A-9776-CA108169C721}.Debug|Any CPU.Build.0 = Debug|Any CPU
		{9C717E3A-A759-457A-9776-CA108169C721}.Release|Any CPU.ActiveCfg = Release|Any CPU
		{9C717E3A-A759-457A-9776-CA108169C721}.Release|Any CPU.Build.0 = Release|Any CPU
		{9B8E4FA7-52FE-4EF0-AF33-1E7D48DFF04E}.Debug|Any CPU.ActiveCfg = Debug|Any CPU
		{9B8E4FA7-52FE-4EF0-AF33-1E7D48DFF04E}.Debug|Any CPU.Build.0 = Debug|Any CPU
		{9B8E4FA7-52FE-4EF0-AF33-1E7D48DFF04E}.Release|Any CPU.ActiveCfg = Release|Any CPU
		{9B8E4FA7-52FE-4EF0-AF33-1E7D48DFF04E}.Release|Any CPU.Build.0 = Release|Any CPU
		{EA7AD7CF-2EED-426E-A35E-4C1F2DC819A2}.Debug|Any CPU.ActiveCfg = Debug|Any CPU
		{EA7AD7CF-2EED-426E-A35E-4C1F2DC819A2}.Debug|Any CPU.Build.0 = Debug|Any CPU
		{EA7AD7CF-2EED-426E-A35E-4C1F2DC819A2}.Release|Any CPU.ActiveCfg = Release|Any CPU
		{EA7AD7CF-2EED-426E-A35E-4C1F2DC819A2}.Release|Any CPU.Build.0 = Release|Any CPU
		{22E089CD-B158-4CDB-AEC2-798E7950C6D5}.Debug|Any CPU.ActiveCfg = Debug|Any CPU
		{22E089CD-B158-4CDB-AEC2-798E7950C6D5}.Debug|Any CPU.Build.0 = Debug|Any CPU
		{22E089CD-B158-4CDB-AEC2-798E7950C6D5}.Release|Any CPU.ActiveCfg = Release|Any CPU
		{22E089CD-B158-4CDB-AEC2-798E7950C6D5}.Release|Any CPU.Build.0 = Release|Any CPU
		{C2F931F8-4CA1-45E9-82B6-059CEB7193A8}.Debug|Any CPU.ActiveCfg = Debug|Any CPU
		{C2F931F8-4CA1-45E9-82B6-059CEB7193A8}.Debug|Any CPU.Build.0 = Debug|Any CPU
		{C2F931F8-4CA1-45E9-82B6-059CEB7193A8}.Release|Any CPU.ActiveCfg = Release|Any CPU
		{C2F931F8-4CA1-45E9-82B6-059CEB7193A8}.Release|Any CPU.Build.0 = Release|Any CPU
		{8BD147BB-587B-49B0-8E0A-778F2B668EDE}.Debug|Any CPU.ActiveCfg = Debug|Any CPU
		{8BD147BB-587B-49B0-8E0A-778F2B668EDE}.Debug|Any CPU.Build.0 = Debug|Any CPU
		{8BD147BB-587B-49B0-8E0A-778F2B668EDE}.Release|Any CPU.ActiveCfg = Release|Any CPU
		{8BD147BB-587B-49B0-8E0A-778F2B668EDE}.Release|Any CPU.Build.0 = Release|Any CPU
		{4F4F9581-F685-4CF4-A91B-080EA74A08EF}.Debug|Any CPU.ActiveCfg = Debug|Any CPU
		{4F4F9581-F685-4CF4-A91B-080EA74A08EF}.Debug|Any CPU.Build.0 = Debug|Any CPU
		{4F4F9581-F685-4CF4-A91B-080EA74A08EF}.Release|Any CPU.ActiveCfg = Release|Any CPU
		{4F4F9581-F685-4CF4-A91B-080EA74A08EF}.Release|Any CPU.Build.0 = Release|Any CPU
		{7C13445A-690A-4E89-A710-5DCEFB7E87B0}.Debug|Any CPU.ActiveCfg = Debug|Any CPU
		{7C13445A-690A-4E89-A710-5DCEFB7E87B0}.Debug|Any CPU.Build.0 = Debug|Any CPU
		{7C13445A-690A-4E89-A710-5DCEFB7E87B0}.Release|Any CPU.ActiveCfg = Release|Any CPU
		{7C13445A-690A-4E89-A710-5DCEFB7E87B0}.Release|Any CPU.Build.0 = Release|Any CPU
		{ACCE2923-1A00-4E30-AD2B-B66429ABFFE7}.Debug|Any CPU.ActiveCfg = Debug|Any CPU
		{ACCE2923-1A00-4E30-AD2B-B66429ABFFE7}.Debug|Any CPU.Build.0 = Debug|Any CPU
		{ACCE2923-1A00-4E30-AD2B-B66429ABFFE7}.Release|Any CPU.ActiveCfg = Release|Any CPU
		{ACCE2923-1A00-4E30-AD2B-B66429ABFFE7}.Release|Any CPU.Build.0 = Release|Any CPU
		{906AB6A8-B8B6-4785-AC36-2ADC109E252F}.Debug|Any CPU.ActiveCfg = Debug|Any CPU
		{906AB6A8-B8B6-4785-AC36-2ADC109E252F}.Debug|Any CPU.Build.0 = Debug|Any CPU
		{906AB6A8-B8B6-4785-AC36-2ADC109E252F}.Release|Any CPU.ActiveCfg = Release|Any CPU
		{906AB6A8-B8B6-4785-AC36-2ADC109E252F}.Release|Any CPU.Build.0 = Release|Any CPU
		{F193556C-2093-481D-9E6D-B6FEA2F9CA22}.Debug|Any CPU.ActiveCfg = Debug|Any CPU
		{F193556C-2093-481D-9E6D-B6FEA2F9CA22}.Debug|Any CPU.Build.0 = Debug|Any CPU
		{F193556C-2093-481D-9E6D-B6FEA2F9CA22}.Release|Any CPU.ActiveCfg = Release|Any CPU
		{F193556C-2093-481D-9E6D-B6FEA2F9CA22}.Release|Any CPU.Build.0 = Release|Any CPU
		{908A923E-1744-42E4-A653-275FA1FB8EBD}.Debug|Any CPU.ActiveCfg = Debug|Any CPU
		{908A923E-1744-42E4-A653-275FA1FB8EBD}.Debug|Any CPU.Build.0 = Debug|Any CPU
		{908A923E-1744-42E4-A653-275FA1FB8EBD}.Release|Any CPU.ActiveCfg = Release|Any CPU
		{908A923E-1744-42E4-A653-275FA1FB8EBD}.Release|Any CPU.Build.0 = Release|Any CPU
		{DA4156B9-885F-47C2-858C-AF89AF3A1039}.Debug|Any CPU.ActiveCfg = Debug|Any CPU
		{DA4156B9-885F-47C2-858C-AF89AF3A1039}.Debug|Any CPU.Build.0 = Debug|Any CPU
		{DA4156B9-885F-47C2-858C-AF89AF3A1039}.Release|Any CPU.ActiveCfg = Release|Any CPU
		{DA4156B9-885F-47C2-858C-AF89AF3A1039}.Release|Any CPU.Build.0 = Release|Any CPU
		{3BF4E70A-A3BE-4963-A067-97ADE624051E}.Debug|Any CPU.ActiveCfg = Debug|Any CPU
		{3BF4E70A-A3BE-4963-A067-97ADE624051E}.Debug|Any CPU.Build.0 = Debug|Any CPU
		{3BF4E70A-A3BE-4963-A067-97ADE624051E}.Release|Any CPU.ActiveCfg = Release|Any CPU
		{3BF4E70A-A3BE-4963-A067-97ADE624051E}.Release|Any CPU.Build.0 = Release|Any CPU
		{AEAA147E-C043-42E9-BBDE-AED0D76B1329}.Debug|Any CPU.ActiveCfg = Debug|Any CPU
		{AEAA147E-C043-42E9-BBDE-AED0D76B1329}.Debug|Any CPU.Build.0 = Debug|Any CPU
		{AEAA147E-C043-42E9-BBDE-AED0D76B1329}.Release|Any CPU.ActiveCfg = Release|Any CPU
		{AEAA147E-C043-42E9-BBDE-AED0D76B1329}.Release|Any CPU.Build.0 = Release|Any CPU
		{DD5FC8F0-F881-4D35-9E06-50521ADC149B}.Debug|Any CPU.ActiveCfg = Debug|Any CPU
		{DD5FC8F0-F881-4D35-9E06-50521ADC149B}.Debug|Any CPU.Build.0 = Debug|Any CPU
		{DD5FC8F0-F881-4D35-9E06-50521ADC149B}.Release|Any CPU.ActiveCfg = Release|Any CPU
		{DD5FC8F0-F881-4D35-9E06-50521ADC149B}.Release|Any CPU.Build.0 = Release|Any CPU
		{29AB3294-A351-4846-A33F-33B8C16E1568}.Debug|Any CPU.ActiveCfg = Debug|Any CPU
		{29AB3294-A351-4846-A33F-33B8C16E1568}.Debug|Any CPU.Build.0 = Debug|Any CPU
		{29AB3294-A351-4846-A33F-33B8C16E1568}.Release|Any CPU.ActiveCfg = Release|Any CPU
		{29AB3294-A351-4846-A33F-33B8C16E1568}.Release|Any CPU.Build.0 = Release|Any CPU
		{32FB2DAB-B342-400A-B2D3-93CC70F42F09}.Debug|Any CPU.ActiveCfg = Debug|Any CPU
		{32FB2DAB-B342-400A-B2D3-93CC70F42F09}.Debug|Any CPU.Build.0 = Debug|Any CPU
		{32FB2DAB-B342-400A-B2D3-93CC70F42F09}.Release|Any CPU.ActiveCfg = Release|Any CPU
		{32FB2DAB-B342-400A-B2D3-93CC70F42F09}.Release|Any CPU.Build.0 = Release|Any CPU
		{EA425FBB-25BD-498E-BFC5-E4F87652326D}.Debug|Any CPU.ActiveCfg = Debug|Any CPU
		{EA425FBB-25BD-498E-BFC5-E4F87652326D}.Debug|Any CPU.Build.0 = Debug|Any CPU
		{EA425FBB-25BD-498E-BFC5-E4F87652326D}.Release|Any CPU.ActiveCfg = Release|Any CPU
		{EA425FBB-25BD-498E-BFC5-E4F87652326D}.Release|Any CPU.Build.0 = Release|Any CPU
		{205C9317-32A0-4417-9D88-4AC6934D2592}.Debug|Any CPU.ActiveCfg = Debug|Any CPU
		{205C9317-32A0-4417-9D88-4AC6934D2592}.Debug|Any CPU.Build.0 = Debug|Any CPU
		{205C9317-32A0-4417-9D88-4AC6934D2592}.Release|Any CPU.ActiveCfg = Release|Any CPU
		{205C9317-32A0-4417-9D88-4AC6934D2592}.Release|Any CPU.Build.0 = Release|Any CPU
		{37D927CA-3E1B-4439-B07C-101DF6FB14F4}.Debug|Any CPU.ActiveCfg = Debug|Any CPU
		{37D927CA-3E1B-4439-B07C-101DF6FB14F4}.Debug|Any CPU.Build.0 = Debug|Any CPU
		{37D927CA-3E1B-4439-B07C-101DF6FB14F4}.Release|Any CPU.ActiveCfg = Release|Any CPU
		{37D927CA-3E1B-4439-B07C-101DF6FB14F4}.Release|Any CPU.Build.0 = Release|Any CPU
		{4239C9DE-7B7A-41C2-88D6-70DE9940DB71}.Debug|Any CPU.ActiveCfg = Debug|Any CPU
		{4239C9DE-7B7A-41C2-88D6-70DE9940DB71}.Debug|Any CPU.Build.0 = Debug|Any CPU
		{4239C9DE-7B7A-41C2-88D6-70DE9940DB71}.Release|Any CPU.ActiveCfg = Release|Any CPU
		{4239C9DE-7B7A-41C2-88D6-70DE9940DB71}.Release|Any CPU.Build.0 = Release|Any CPU
		{70130197-0261-481E-94E0-B1639F55492D}.Debug|Any CPU.ActiveCfg = Debug|Any CPU
		{70130197-0261-481E-94E0-B1639F55492D}.Debug|Any CPU.Build.0 = Debug|Any CPU
		{70130197-0261-481E-94E0-B1639F55492D}.Release|Any CPU.ActiveCfg = Release|Any CPU
		{70130197-0261-481E-94E0-B1639F55492D}.Release|Any CPU.Build.0 = Release|Any CPU
		{71260770-7A17-4380-999A-BD1C5CE75AC8}.Debug|Any CPU.ActiveCfg = Debug|Any CPU
		{71260770-7A17-4380-999A-BD1C5CE75AC8}.Debug|Any CPU.Build.0 = Debug|Any CPU
		{71260770-7A17-4380-999A-BD1C5CE75AC8}.Release|Any CPU.ActiveCfg = Release|Any CPU
		{71260770-7A17-4380-999A-BD1C5CE75AC8}.Release|Any CPU.Build.0 = Release|Any CPU
		{3DE1745B-438D-44A8-9E21-6698C23D69DB}.Debug|Any CPU.ActiveCfg = Debug|Any CPU
		{3DE1745B-438D-44A8-9E21-6698C23D69DB}.Debug|Any CPU.Build.0 = Debug|Any CPU
		{3DE1745B-438D-44A8-9E21-6698C23D69DB}.Release|Any CPU.ActiveCfg = Release|Any CPU
		{3DE1745B-438D-44A8-9E21-6698C23D69DB}.Release|Any CPU.Build.0 = Release|Any CPU
		{6FF3F0CB-5D5F-46CB-BAF4-498F04FBDD70}.Debug|Any CPU.ActiveCfg = Debug|Any CPU
		{6FF3F0CB-5D5F-46CB-BAF4-498F04FBDD70}.Debug|Any CPU.Build.0 = Debug|Any CPU
		{6FF3F0CB-5D5F-46CB-BAF4-498F04FBDD70}.Release|Any CPU.ActiveCfg = Release|Any CPU
		{6FF3F0CB-5D5F-46CB-BAF4-498F04FBDD70}.Release|Any CPU.Build.0 = Release|Any CPU
		{33628B07-1360-4780-8A68-87695421FE15}.Debug|Any CPU.ActiveCfg = Debug|Any CPU
		{33628B07-1360-4780-8A68-87695421FE15}.Debug|Any CPU.Build.0 = Debug|Any CPU
		{33628B07-1360-4780-8A68-87695421FE15}.Release|Any CPU.ActiveCfg = Release|Any CPU
		{33628B07-1360-4780-8A68-87695421FE15}.Release|Any CPU.Build.0 = Release|Any CPU
		{8604DAF8-5307-4B35-B43C-9B0FEA85243A}.Debug|Any CPU.ActiveCfg = Debug|Any CPU
		{8604DAF8-5307-4B35-B43C-9B0FEA85243A}.Debug|Any CPU.Build.0 = Debug|Any CPU
		{8604DAF8-5307-4B35-B43C-9B0FEA85243A}.Release|Any CPU.ActiveCfg = Release|Any CPU
		{8604DAF8-5307-4B35-B43C-9B0FEA85243A}.Release|Any CPU.Build.0 = Release|Any CPU
		{3595DFCE-660C-4FB5-91FC-8823350D3E2B}.Debug|Any CPU.ActiveCfg = Debug|Any CPU
		{3595DFCE-660C-4FB5-91FC-8823350D3E2B}.Debug|Any CPU.Build.0 = Debug|Any CPU
		{3595DFCE-660C-4FB5-91FC-8823350D3E2B}.Release|Any CPU.ActiveCfg = Release|Any CPU
		{3595DFCE-660C-4FB5-91FC-8823350D3E2B}.Release|Any CPU.Build.0 = Release|Any CPU
		{332DD344-1A50-428E-9C1B-72923CEF9D50}.Debug|Any CPU.ActiveCfg = Debug|Any CPU
		{332DD344-1A50-428E-9C1B-72923CEF9D50}.Debug|Any CPU.Build.0 = Debug|Any CPU
		{332DD344-1A50-428E-9C1B-72923CEF9D50}.Release|Any CPU.ActiveCfg = Release|Any CPU
		{332DD344-1A50-428E-9C1B-72923CEF9D50}.Release|Any CPU.Build.0 = Release|Any CPU
		{A3ABD7AE-E094-4725-A782-8C37F6321276}.Debug|Any CPU.ActiveCfg = Debug|Any CPU
		{A3ABD7AE-E094-4725-A782-8C37F6321276}.Debug|Any CPU.Build.0 = Debug|Any CPU
		{A3ABD7AE-E094-4725-A782-8C37F6321276}.Release|Any CPU.ActiveCfg = Release|Any CPU
		{A3ABD7AE-E094-4725-A782-8C37F6321276}.Release|Any CPU.Build.0 = Release|Any CPU
		{3533B024-C212-405D-8EDD-9A87E84EC00B}.Debug|Any CPU.ActiveCfg = Debug|Any CPU
		{3533B024-C212-405D-8EDD-9A87E84EC00B}.Debug|Any CPU.Build.0 = Debug|Any CPU
		{3533B024-C212-405D-8EDD-9A87E84EC00B}.Release|Any CPU.ActiveCfg = Release|Any CPU
		{3533B024-C212-405D-8EDD-9A87E84EC00B}.Release|Any CPU.Build.0 = Release|Any CPU
		{5C1CA96E-A4CE-4DCE-85AE-BA5753903455}.Debug|Any CPU.ActiveCfg = Debug|Any CPU
		{5C1CA96E-A4CE-4DCE-85AE-BA5753903455}.Debug|Any CPU.Build.0 = Debug|Any CPU
		{5C1CA96E-A4CE-4DCE-85AE-BA5753903455}.Release|Any CPU.ActiveCfg = Release|Any CPU
		{5C1CA96E-A4CE-4DCE-85AE-BA5753903455}.Release|Any CPU.Build.0 = Release|Any CPU
	EndGlobalSection
	GlobalSection(SolutionProperties) = preSolution
		HideSolutionNode = FALSE
	EndGlobalSection
	GlobalSection(ExtensibilityGlobals) = postSolution
		SolutionGuid = {C9468509-A2E1-46FF-A1B9-CD62F8166378}
	EndGlobalSection
EndGlobal
